
Microsoft Visual Studio Solution File, Format Version 12.00
# Visual Studio 2013
VisualStudioVersion = 12.0.30110.0
MinimumVisualStudioVersion = 10.0.40219.1
Project("{2150E333-8FDC-42A3-9474-1A3956D46DE8}") = "Service", "Service", "{FC05191A-AB3A-4532-AC11-789168D67A88}"
EndProject
Project("{2150E333-8FDC-42A3-9474-1A3956D46DE8}") = "Client", "Client", "{691FF434-B659-45FC-8851-42FB3912D24B}"
EndProject
Project("{2150E333-8FDC-42A3-9474-1A3956D46DE8}") = "API", "API", "{F495F3C5-F12A-4D9C-B5C7-F0657D6EBEF2}"
EndProject
Project("{FAE04EC0-301F-11D3-BF4B-00C04F79EFBC}") = "RemResService", "RemResService\RemResService.csproj", "{4D010128-094B-4FA6-A2C9-BDA70C6E1ACF}"
EndProject
Project("{FAE04EC0-301F-11D3-BF4B-00C04F79EFBC}") = "RemResLib", "RemResLib\RemResLib.csproj", "{E0671158-2EB8-4572-AC37-2B9A5340F77F}"
EndProject
Project("{FAE04EC0-301F-11D3-BF4B-00C04F79EFBC}") = "RemResDataLib", "RemResDataLib\RemResDataLib.csproj", "{BC7E38B5-55C1-442D-B0FC-C510922BEC98}"
EndProject
Project("{FAE04EC0-301F-11D3-BF4B-00C04F79EFBC}") = "RemResClient", "RemResClient\RemResClient.csproj", "{757FDE02-DED1-43CD-956B-DCC6770F0EF3}"
EndProject
Project("{2150E333-8FDC-42A3-9474-1A3956D46DE8}") = "Test", "Test", "{D372C566-E138-416F-A331-B2BD1FD61E6E}"
EndProject
Project("{FAE04EC0-301F-11D3-BF4B-00C04F79EFBC}") = "RemResTestProject", "RemResTestProject\RemResTestProject.csproj", "{B622A709-AF86-4F1A-8EEB-2B9F5C3A3218}"
EndProject
Project("{2150E333-8FDC-42A3-9474-1A3956D46DE8}") = "Installer", "Installer", "{60198D90-27D6-4E63-98B3-FA831C37A54B}"
EndProject
Project("{930C7802-8A8C-48F9-8165-68863BCCD9DD}") = "RemResServiceInstaller", "RemResServiceInstaller\RemResServiceInstaller.wixproj", "{3EA0B54E-D73A-4D5F-9698-E10E464E9567}"
EndProject
Project("{FAE04EC0-301F-11D3-BF4B-00C04F79EFBC}") = "RemResTestClient", "RemResTestClient\RemResTestClient.csproj", "{B2F87821-301D-4A7D-A05A-83E4FA1E7089}"
EndProject
Project("{FAE04EC0-301F-11D3-BF4B-00C04F79EFBC}") = "RemResClientLib", "RemResClientLib\RemResClientLib.csproj", "{B192D1B7-38AC-43AC-A51A-D591BF4D1A24}"
EndProject
Global
	GlobalSection(TeamFoundationVersionControl) = preSolution
		SccNumberOfProjects = 9
		SccEnterpriseProvider = {4CA58AB2-18FA-4F8D-95D4-32DDF27D184C}
		SccTeamFoundationServer = https://hauersoftwarenet.visualstudio.com/defaultcollection
		SccLocalPath0 = .
		SccProjectUniqueName1 = RemResClient\\RemResClient.csproj
		SccProjectTopLevelParentUniqueName1 = RemRes.sln
		SccProjectName1 = RemResClient
		SccLocalPath1 = RemResClient
		SccProjectUniqueName2 = RemResDataLib\\RemResDataLib.csproj
		SccProjectTopLevelParentUniqueName2 = RemRes.sln
		SccProjectName2 = RemResDataLib
		SccLocalPath2 = RemResDataLib
		SccProjectUniqueName3 = RemResLib\\RemResLib.csproj
		SccProjectTopLevelParentUniqueName3 = RemRes.sln
		SccProjectName3 = RemResLib
		SccLocalPath3 = RemResLib
		SccProjectUniqueName4 = RemResService\\RemResService.csproj
		SccProjectTopLevelParentUniqueName4 = RemRes.sln
		SccProjectName4 = RemResService
		SccLocalPath4 = RemResService
		SccProjectUniqueName5 = RemResTestProject\\RemResTestProject.csproj
		SccProjectTopLevelParentUniqueName5 = RemRes.sln
		SccProjectName5 = RemResTestProject
		SccLocalPath5 = RemResTestProject
		SccProjectUniqueName6 = RemResServiceInstaller\\RemResServiceInstaller.wixproj
		SccProjectTopLevelParentUniqueName6 = RemRes.sln
		SccProjectName6 = RemResServiceInstaller
		SccLocalPath6 = RemResServiceInstaller
		SccProjectUniqueName7 = RemResTestClient\\RemResTestClient.csproj
		SccProjectTopLevelParentUniqueName7 = RemRes.sln
		SccProjectName7 = RemResTestClient
		SccLocalPath7 = RemResTestClient
		SccProjectUniqueName8 = RemResClientLib\\RemResClientLib.csproj
		SccProjectTopLevelParentUniqueName8 = RemRes.sln
		SccProjectName8 = RemResClientLib
		SccLocalPath8 = RemResClientLib
	EndGlobalSection
	GlobalSection(SolutionConfigurationPlatforms) = preSolution
		Debug|Any CPU = Debug|Any CPU
		Debug|Mixed Platforms = Debug|Mixed Platforms
		Debug|x86 = Debug|x86
		Release|Any CPU = Release|Any CPU
		Release|Mixed Platforms = Release|Mixed Platforms
		Release|x86 = Release|x86
	EndGlobalSection
	GlobalSection(ProjectConfigurationPlatforms) = postSolution
		{4D010128-094B-4FA6-A2C9-BDA70C6E1ACF}.Debug|Any CPU.ActiveCfg = Debug|Any CPU
		{4D010128-094B-4FA6-A2C9-BDA70C6E1ACF}.Debug|Any CPU.Build.0 = Debug|Any CPU
		{4D010128-094B-4FA6-A2C9-BDA70C6E1ACF}.Debug|Mixed Platforms.ActiveCfg = Debug|Any CPU
		{4D010128-094B-4FA6-A2C9-BDA70C6E1ACF}.Debug|Mixed Platforms.Build.0 = Debug|Any CPU
		{4D010128-094B-4FA6-A2C9-BDA70C6E1ACF}.Debug|x86.ActiveCfg = Debug|Any CPU
		{4D010128-094B-4FA6-A2C9-BDA70C6E1ACF}.Release|Any CPU.ActiveCfg = Release|Any CPU
		{4D010128-094B-4FA6-A2C9-BDA70C6E1ACF}.Release|Any CPU.Build.0 = Release|Any CPU
		{4D010128-094B-4FA6-A2C9-BDA70C6E1ACF}.Release|Mixed Platforms.ActiveCfg = Release|Any CPU
		{4D010128-094B-4FA6-A2C9-BDA70C6E1ACF}.Release|Mixed Platforms.Build.0 = Release|Any CPU
		{4D010128-094B-4FA6-A2C9-BDA70C6E1ACF}.Release|x86.ActiveCfg = Release|Any CPU
		{E0671158-2EB8-4572-AC37-2B9A5340F77F}.Debug|Any CPU.ActiveCfg = Debug|Any CPU
		{E0671158-2EB8-4572-AC37-2B9A5340F77F}.Debug|Any CPU.Build.0 = Debug|Any CPU
		{E0671158-2EB8-4572-AC37-2B9A5340F77F}.Debug|Mixed Platforms.ActiveCfg = Debug|Any CPU
		{E0671158-2EB8-4572-AC37-2B9A5340F77F}.Debug|Mixed Platforms.Build.0 = Debug|Any CPU
		{E0671158-2EB8-4572-AC37-2B9A5340F77F}.Debug|x86.ActiveCfg = Debug|Any CPU
		{E0671158-2EB8-4572-AC37-2B9A5340F77F}.Release|Any CPU.ActiveCfg = Release|Any CPU
		{E0671158-2EB8-4572-AC37-2B9A5340F77F}.Release|Any CPU.Build.0 = Release|Any CPU
		{E0671158-2EB8-4572-AC37-2B9A5340F77F}.Release|Mixed Platforms.ActiveCfg = Release|Any CPU
		{E0671158-2EB8-4572-AC37-2B9A5340F77F}.Release|Mixed Platforms.Build.0 = Release|Any CPU
		{E0671158-2EB8-4572-AC37-2B9A5340F77F}.Release|x86.ActiveCfg = Release|Any CPU
		{BC7E38B5-55C1-442D-B0FC-C510922BEC98}.Debug|Any CPU.ActiveCfg = Debug|Any CPU
		{BC7E38B5-55C1-442D-B0FC-C510922BEC98}.Debug|Any CPU.Build.0 = Debug|Any CPU
		{BC7E38B5-55C1-442D-B0FC-C510922BEC98}.Debug|Mixed Platforms.ActiveCfg = Debug|Any CPU
		{BC7E38B5-55C1-442D-B0FC-C510922BEC98}.Debug|Mixed Platforms.Build.0 = Debug|Any CPU
		{BC7E38B5-55C1-442D-B0FC-C510922BEC98}.Debug|x86.ActiveCfg = Debug|Any CPU
		{BC7E38B5-55C1-442D-B0FC-C510922BEC98}.Release|Any CPU.ActiveCfg = Release|Any CPU
		{BC7E38B5-55C1-442D-B0FC-C510922BEC98}.Release|Any CPU.Build.0 = Release|Any CPU
		{BC7E38B5-55C1-442D-B0FC-C510922BEC98}.Release|Mixed Platforms.ActiveCfg = Release|Any CPU
		{BC7E38B5-55C1-442D-B0FC-C510922BEC98}.Release|Mixed Platforms.Build.0 = Release|Any CPU
		{BC7E38B5-55C1-442D-B0FC-C510922BEC98}.Release|x86.ActiveCfg = Release|Any CPU
		{757FDE02-DED1-43CD-956B-DCC6770F0EF3}.Debug|Any CPU.ActiveCfg = Debug|Any CPU
		{757FDE02-DED1-43CD-956B-DCC6770F0EF3}.Debug|Any CPU.Build.0 = Debug|Any CPU
		{757FDE02-DED1-43CD-956B-DCC6770F0EF3}.Debug|Mixed Platforms.ActiveCfg = Debug|Any CPU
		{757FDE02-DED1-43CD-956B-DCC6770F0EF3}.Debug|Mixed Platforms.Build.0 = Debug|Any CPU
		{757FDE02-DED1-43CD-956B-DCC6770F0EF3}.Debug|x86.ActiveCfg = Debug|Any CPU
		{757FDE02-DED1-43CD-956B-DCC6770F0EF3}.Release|Any CPU.ActiveCfg = Release|Any CPU
		{757FDE02-DED1-43CD-956B-DCC6770F0EF3}.Release|Any CPU.Build.0 = Release|Any CPU
		{757FDE02-DED1-43CD-956B-DCC6770F0EF3}.Release|Mixed Platforms.ActiveCfg = Release|Any CPU
		{757FDE02-DED1-43CD-956B-DCC6770F0EF3}.Release|Mixed Platforms.Build.0 = Release|Any CPU
		{757FDE02-DED1-43CD-956B-DCC6770F0EF3}.Release|x86.ActiveCfg = Release|Any CPU
		{B622A709-AF86-4F1A-8EEB-2B9F5C3A3218}.Debug|Any CPU.ActiveCfg = Debug|Any CPU
		{B622A709-AF86-4F1A-8EEB-2B9F5C3A3218}.Debug|Any CPU.Build.0 = Debug|Any CPU
		{B622A709-AF86-4F1A-8EEB-2B9F5C3A3218}.Debug|Mixed Platforms.ActiveCfg = Debug|Any CPU
		{B622A709-AF86-4F1A-8EEB-2B9F5C3A3218}.Debug|Mixed Platforms.Build.0 = Debug|Any CPU
		{B622A709-AF86-4F1A-8EEB-2B9F5C3A3218}.Debug|x86.ActiveCfg = Debug|Any CPU
		{B622A709-AF86-4F1A-8EEB-2B9F5C3A3218}.Release|Any CPU.ActiveCfg = Release|Any CPU
		{B622A709-AF86-4F1A-8EEB-2B9F5C3A3218}.Release|Any CPU.Build.0 = Release|Any CPU
		{B622A709-AF86-4F1A-8EEB-2B9F5C3A3218}.Release|Mixed Platforms.ActiveCfg = Release|Any CPU
		{B622A709-AF86-4F1A-8EEB-2B9F5C3A3218}.Release|Mixed Platforms.Build.0 = Release|Any CPU
		{B622A709-AF86-4F1A-8EEB-2B9F5C3A3218}.Release|x86.ActiveCfg = Release|Any CPU
		{3EA0B54E-D73A-4D5F-9698-E10E464E9567}.Debug|Any CPU.ActiveCfg = Debug|x86
		{3EA0B54E-D73A-4D5F-9698-E10E464E9567}.Debug|Mixed Platforms.ActiveCfg = Debug|x86
		{3EA0B54E-D73A-4D5F-9698-E10E464E9567}.Debug|Mixed Platforms.Build.0 = Debug|x86
		{3EA0B54E-D73A-4D5F-9698-E10E464E9567}.Debug|x86.ActiveCfg = Debug|x86
		{3EA0B54E-D73A-4D5F-9698-E10E464E9567}.Debug|x86.Build.0 = Debug|x86
		{3EA0B54E-D73A-4D5F-9698-E10E464E9567}.Release|Any CPU.ActiveCfg = Release|x86
		{3EA0B54E-D73A-4D5F-9698-E10E464E9567}.Release|Mixed Platforms.ActiveCfg = Release|x86
		{3EA0B54E-D73A-4D5F-9698-E10E464E9567}.Release|Mixed Platforms.Build.0 = Release|x86
		{3EA0B54E-D73A-4D5F-9698-E10E464E9567}.Release|x86.ActiveCfg = Release|x86
		{3EA0B54E-D73A-4D5F-9698-E10E464E9567}.Release|x86.Build.0 = Release|x86
		{B2F87821-301D-4A7D-A05A-83E4FA1E7089}.Debug|Any CPU.ActiveCfg = Debug|Any CPU
		{B2F87821-301D-4A7D-A05A-83E4FA1E7089}.Debug|Any CPU.Build.0 = Debug|Any CPU
		{B2F87821-301D-4A7D-A05A-83E4FA1E7089}.Debug|Mixed Platforms.ActiveCfg = Debug|Any CPU
		{B2F87821-301D-4A7D-A05A-83E4FA1E7089}.Debug|Mixed Platforms.Build.0 = Debug|Any CPU
		{B2F87821-301D-4A7D-A05A-83E4FA1E7089}.Debug|x86.ActiveCfg = Debug|Any CPU
		{B2F87821-301D-4A7D-A05A-83E4FA1E7089}.Release|Any CPU.ActiveCfg = Release|Any CPU
		{B2F87821-301D-4A7D-A05A-83E4FA1E7089}.Release|Any CPU.Build.0 = Release|Any CPU
		{B2F87821-301D-4A7D-A05A-83E4FA1E7089}.Release|Mixed Platforms.ActiveCfg = Release|Any CPU
		{B2F87821-301D-4A7D-A05A-83E4FA1E7089}.Release|Mixed Platforms.Build.0 = Release|Any CPU
		{B2F87821-301D-4A7D-A05A-83E4FA1E7089}.Release|x86.ActiveCfg = Release|Any CPU
		{B192D1B7-38AC-43AC-A51A-D591BF4D1A24}.Debug|Any CPU.ActiveCfg = Debug|Any CPU
		{B192D1B7-38AC-43AC-A51A-D591BF4D1A24}.Debug|Any CPU.Build.0 = Debug|Any CPU
		{B192D1B7-38AC-43AC-A51A-D591BF4D1A24}.Debug|Mixed Platforms.ActiveCfg = Debug|Any CPU
		{B192D1B7-38AC-43AC-A51A-D591BF4D1A24}.Debug|Mixed Platforms.Build.0 = Debug|Any CPU
		{B192D1B7-38AC-43AC-A51A-D591BF4D1A24}.Debug|x86.ActiveCfg = Debug|Any CPU
		{B192D1B7-38AC-43AC-A51A-D591BF4D1A24}.Release|Any CPU.ActiveCfg = Release|Any CPU
		{B192D1B7-38AC-43AC-A51A-D591BF4D1A24}.Release|Any CPU.Build.0 = Release|Any CPU
		{B192D1B7-38AC-43AC-A51A-D591BF4D1A24}.Release|Mixed Platforms.ActiveCfg = Release|Any CPU
		{B192D1B7-38AC-43AC-A51A-D591BF4D1A24}.Release|Mixed Platforms.Build.0 = Release|Any CPU
		{B192D1B7-38AC-43AC-A51A-D591BF4D1A24}.Release|x86.ActiveCfg = Release|Any CPU
	EndGlobalSection
	GlobalSection(SolutionProperties) = preSolution
		HideSolutionNode = FALSE
	EndGlobalSection
	GlobalSection(NestedProjects) = preSolution
		{4D010128-094B-4FA6-A2C9-BDA70C6E1ACF} = {FC05191A-AB3A-4532-AC11-789168D67A88}
		{E0671158-2EB8-4572-AC37-2B9A5340F77F} = {FC05191A-AB3A-4532-AC11-789168D67A88}
		{757FDE02-DED1-43CD-956B-DCC6770F0EF3} = {691FF434-B659-45FC-8851-42FB3912D24B}
		{B2F87821-301D-4A7D-A05A-83E4FA1E7089} = {691FF434-B659-45FC-8851-42FB3912D24B}
		{B192D1B7-38AC-43AC-A51A-D591BF4D1A24} = {691FF434-B659-45FC-8851-42FB3912D24B}
		{BC7E38B5-55C1-442D-B0FC-C510922BEC98} = {F495F3C5-F12A-4D9C-B5C7-F0657D6EBEF2}
		{B622A709-AF86-4F1A-8EEB-2B9F5C3A3218} = {D372C566-E138-416F-A331-B2BD1FD61E6E}
		{3EA0B54E-D73A-4D5F-9698-E10E464E9567} = {60198D90-27D6-4E63-98B3-FA831C37A54B}
	EndGlobalSection
EndGlobal
